
Microsoft Visual Studio Solution File, Format Version 12.00
# Visual Studio Version 16
VisualStudioVersion = 25.0.1703.0
MinimumVisualStudioVersion = 10.0.40219.1
Project("{FAE04EC0-301F-11D3-BF4B-00C04F79EFBC}") = "dotnet-appsize-report", "dotnet-appsize-report.csproj", "{F3E480C0-099A-4A81-A2DA-9993825B23D8}"
EndProject
Global
	GlobalSection(SolutionConfigurationPlatforms) = preSolution
		Debug|Any CPU = Debug|Any CPU
		Release|Any CPU = Release|Any CPU
	EndGlobalSection
	GlobalSection(ProjectConfigurationPlatforms) = postSolution
		{F3E480C0-099A-4A81-A2DA-9993825B23D8}.Debug|Any CPU.ActiveCfg = Debug|Any CPU
		{F3E480C0-099A-4A81-A2DA-9993825B23D8}.Debug|Any CPU.Build.0 = Debug|Any CPU
		{F3E480C0-099A-4A81-A2DA-9993825B23D8}.Release|Any CPU.ActiveCfg = Release|Any CPU
		{F3E480C0-099A-4A81-A2DA-9993825B23D8}.Release|Any CPU.Build.0 = Release|Any CPU
	EndGlobalSection
	GlobalSection(SolutionProperties) = preSolution
		HideSolutionNode = FALSE
	EndGlobalSection
	GlobalSection(ExtensibilityGlobals) = postSolution
		SolutionGuid = {84EE98A9-7903-42BA-85A0-37E7D1D7AF29}
	EndGlobalSection
EndGlobal
